{
  "name": "moh_pm_dashboard",
  "lockfileVersion": 2,
  "requires": true,
  "packages": {
    "": {
      "dependencies": {
        "jquery-fullscreen-plugin": "^1.1.5"
      }
    },
    "node_modules/jquery": {
      "version": "3.6.3",
      "resolved": "https://registry.npmjs.org/jquery/-/jquery-3.6.3.tgz",
      "integrity": "sha512-bZ5Sy3YzKo9Fyc8wH2iIQK4JImJ6R0GWI9kL1/k7Z91ZBNgkRXE6U0JfHIizZbort8ZunhSI3jw9I6253ahKfg=="
    },
    "node_modules/jquery-fullscreen-plugin": {
      "version": "1.1.5",
      "resolved": "https://registry.npmjs.org/jquery-fullscreen-plugin/-/jquery-fullscreen-plugin-1.1.5.tgz",
      "integrity": "sha512-/kGQZmXlIRIgS6sHmFwHqYDSH46NvksuUGDN3o/o8z+IED23JFHj8rRv53Ee1zsN04SMnb3jQKyDS0RvXN52Xg==",
      "dependencies": {
        "jquery": ">=1.5"
      }
    }
  },
  "dependencies": {
    "jquery": {
      "version": "3.6.3",
      "resolved": "https://registry.npmjs.org/jquery/-/jquery-3.6.3.tgz",
      "integrity": "sha512-bZ5Sy3YzKo9Fyc8wH2iIQK4JImJ6R0GWI9kL1/k7Z91ZBNgkRXE6U0JfHIizZbort8ZunhSI3jw9I6253ahKfg=="
    },
    "jquery-fullscreen-plugin": {
      "version": "1.1.5",
      "resolved": "https://registry.npmjs.org/jquery-fullscreen-plugin/-/jquery-fullscreen-plugin-1.1.5.tgz",
      "integrity": "sha512-/kGQZmXlIRIgS6sHmFwHqYDSH46NvksuUGDN3o/o8z+IED23JFHj8rRv53Ee1zsN04SMnb3jQKyDS0RvXN52Xg==",
      "requires": {
        "jquery": ">=1.5"
      }
    }
  }
}
